
Microsoft Visual Studio Solution File, Format Version 12.00
# Visual Studio Version 17
VisualStudioVersion = 17.9.34728.123
MinimumVisualStudioVersion = 10.0.40219.1
Project("{FAE04EC0-301F-11D3-BF4B-00C04F79EFBC}") = "Examen02", "Examen02\Examen02.csproj", "{89B9824A-E38F-44C2-926C-C8E11B44C0E7}"
EndProject
Global
	GlobalSection(SolutionConfigurationPlatforms) = preSolution
		Debug|Any CPU = Debug|Any CPU
		Release|Any CPU = Release|Any CPU
	EndGlobalSection
	GlobalSection(ProjectConfigurationPlatforms) = postSolution
		{89B9824A-E38F-44C2-926C-C8E11B44C0E7}.Debug|Any CPU.ActiveCfg = Debug|Any CPU
		{89B9824A-E38F-44C2-926C-C8E11B44C0E7}.Debug|Any CPU.Build.0 = Debug|Any CPU
		{89B9824A-E38F-44C2-926C-C8E11B44C0E7}.Release|Any CPU.ActiveCfg = Release|Any CPU
		{89B9824A-E38F-44C2-926C-C8E11B44C0E7}.Release|Any CPU.Build.0 = Release|Any CPU
	EndGlobalSection
	GlobalSection(SolutionProperties) = preSolution
		HideSolutionNode = FALSE
	EndGlobalSection
	GlobalSection(ExtensibilityGlobals) = postSolution
		SolutionGuid = {C049D514-056E-4563-8138-EDF7DB2994E2}
	EndGlobalSection
EndGlobal
